
Microsoft Visual Studio Solution File, Format Version 12.00
# Visual Studio Version 17
VisualStudioVersion = 17.1.32421.90
MinimumVisualStudioVersion = 10.0.40219.1
Project("{FAE04EC0-301F-11D3-BF4B-00C04F79EFBC}") = "BasicPlugin", "BasicPlugin\BasicPlugin.csproj", "{83426484-57EB-451A-BC3F-90D7B14E8478}"
EndProject
Global
	GlobalSection(SolutionConfigurationPlatforms) = preSolution
		Debug|Any CPU = Debug|Any CPU
		Release|Any CPU = Release|Any CPU
	EndGlobalSection
	GlobalSection(ProjectConfigurationPlatforms) = postSolution
		{83426484-57EB-451A-BC3F-90D7B14E8478}.Debug|Any CPU.ActiveCfg = Debug|Any CPU
		{83426484-57EB-451A-BC3F-90D7B14E8478}.Debug|Any CPU.Build.0 = Debug|Any CPU
		{83426484-57EB-451A-BC3F-90D7B14E8478}.Release|Any CPU.ActiveCfg = Release|Any CPU
		{83426484-57EB-451A-BC3F-90D7B14E8478}.Release|Any CPU.Build.0 = Release|Any CPU
	EndGlobalSection
	GlobalSection(SolutionProperties) = preSolution
		HideSolutionNode = FALSE
	EndGlobalSection
	GlobalSection(ExtensibilityGlobals) = postSolution
		SolutionGuid = {AE6DB62F-06E9-44C4-A5B0-BEBBF103C944}
	EndGlobalSection
EndGlobal
